
Microsoft Visual Studio Solution File, Format Version 12.00
# Visual Studio Version 17
VisualStudioVersion = 17.14.36915.13 d17.14
MinimumVisualStudioVersion = 10.0.40219.1
Project("{FAE04EC0-301F-11D3-BF4B-00C04F79EFBC}") = "RateLimiting.Playground", "RateLimiting.Playground\RateLimiting.Playground.csproj", "{0BBEB94B-0404-4B3B-9493-97F9E80DD1ED}"
EndProject
Global
	GlobalSection(SolutionConfigurationPlatforms) = preSolution
		Debug|Any CPU = Debug|Any CPU
		Release|Any CPU = Release|Any CPU
	EndGlobalSection
	GlobalSection(ProjectConfigurationPlatforms) = postSolution
		{0BBEB94B-0404-4B3B-9493-97F9E80DD1ED}.Debug|Any CPU.ActiveCfg = Debug|Any CPU
		{0BBEB94B-0404-4B3B-9493-97F9E80DD1ED}.Debug|Any CPU.Build.0 = Debug|Any CPU
		{0BBEB94B-0404-4B3B-9493-97F9E80DD1ED}.Release|Any CPU.ActiveCfg = Release|Any CPU
		{0BBEB94B-0404-4B3B-9493-97F9E80DD1ED}.Release|Any CPU.Build.0 = Release|Any CPU
	EndGlobalSection
	GlobalSection(SolutionProperties) = preSolution
		HideSolutionNode = FALSE
	EndGlobalSection
	GlobalSection(ExtensibilityGlobals) = postSolution
		SolutionGuid = {7E63C086-4DFE-4CF2-8362-3B28A439F41B}
	EndGlobalSection
EndGlobal
